{
  "object": {
    "pins": [
      {
        "package": "TypedNotification",
        "repositoryURL": "git@gitlab.com:southgate/libraries/swift/swift-typed-notification.git",
        "state": {
          "branch": null,
          "revision": "c2b29d76f6641f243fd6099da60687ba581c9900",
          "version": "0.0.2"
        }
      }
    ]
  },
  "version": 1
}
